
Microsoft Visual Studio Solution File, Format Version 12.00
# Visual Studio Version 17
VisualStudioVersion = 17.13.35825.156 d17.13
MinimumVisualStudioVersion = 10.0.40219.1
Project("{F184B08F-C81C-45F6-A57F-5ABD9991F28F}") = "sistem_infromasi_parkir", "sistem_infromasi_parkir\sistem_infromasi_parkir.vbproj", "{70DDEB5A-8D2D-45DB-A6D4-DB3F7887B174}"
EndProject
Global
	GlobalSection(SolutionConfigurationPlatforms) = preSolution
		Debug|Any CPU = Debug|Any CPU
		Release|Any CPU = Release|Any CPU
	EndGlobalSection
	GlobalSection(ProjectConfigurationPlatforms) = postSolution
		{70DDEB5A-8D2D-45DB-A6D4-DB3F7887B174}.Debug|Any CPU.ActiveCfg = Debug|Any CPU
		{70DDEB5A-8D2D-45DB-A6D4-DB3F7887B174}.Debug|Any CPU.Build.0 = Debug|Any CPU
		{70DDEB5A-8D2D-45DB-A6D4-DB3F7887B174}.Release|Any CPU.ActiveCfg = Release|Any CPU
		{70DDEB5A-8D2D-45DB-A6D4-DB3F7887B174}.Release|Any CPU.Build.0 = Release|Any CPU
	EndGlobalSection
	GlobalSection(SolutionProperties) = preSolution
		HideSolutionNode = FALSE
	EndGlobalSection
	GlobalSection(ExtensibilityGlobals) = postSolution
		SolutionGuid = {EC7C3094-761F-4369-A20E-0382C4E33CC6}
	EndGlobalSection
EndGlobal
